{
  "nodes": {
    "nixpkgs": {
      "locked": {
        "lastModified": 1661735182,
        "narHash": "sha256-86KaWBjJWV9yL1b+8bcb34lPasGvozCOgPpNQRMFIxY=",
        "owner": "zhaofengli",
        "repo": "nixpkgs",
        "rev": "f1e664f4837ec741a39f51855531d6a46a29f084",
        "type": "github"
      },
      "original": {
        "owner": "zhaofengli",
        "ref": "zhaofeng-22.11",
        "repo": "nixpkgs",
        "type": "github"
      }
    },
    "root": {
      "inputs": {
        "nixpkgs": "nixpkgs"
      }
    }
  },
  "root": "root",
  "version": 7
}
