{
  "nodes": {
    "nixpkgs": {
      "locked": {
        "lastModified": 1661878742,
        "narHash": "sha256-Lg8zoUAxQxsvmYQbWHqhwso0GM+emsdmyfQ7m19iWpY=",
        "owner": "zhaofengli",
        "repo": "nixpkgs",
        "rev": "01c671e03d040c2f804a37a9028b12c39c97b4ce",
        "type": "github"
      },
      "original": {
        "owner": "zhaofengli",
        "ref": "zhaofeng-22.11",
        "repo": "nixpkgs",
        "type": "github"
      }
    },
    "root": {
      "inputs": {
        "nixpkgs": "nixpkgs"
      }
    }
  },
  "root": "root",
  "version": 7
}
