{
  "nodes": {
    "nixpkgs": {
      "locked": {
        "lastModified": 1669680025,
        "narHash": "sha256-CIfZbdmysooa3mA4mxhRUFvDv6gSc6OkCJGVr9fbMYM=",
        "owner": "zhaofengli",
        "repo": "nixpkgs",
        "rev": "e783d7e1defff5ce4bc0ea15ffcaf89b1a4fb9a7",
        "type": "github"
      },
      "original": {
        "owner": "zhaofengli",
        "ref": "zhaofeng-23.05",
        "repo": "nixpkgs",
        "type": "github"
      }
    },
    "root": {
      "inputs": {
        "nixpkgs": "nixpkgs"
      }
    }
  },
  "root": "root",
  "version": 7
}
